
Microsoft Visual Studio Solution File, Format Version 12.00
# Visual Studio Version 17
VisualStudioVersion = 17.13.35828.75 d17.13
MinimumVisualStudioVersion = 10.0.40219.1
Project("{FAE04EC0-301F-11D3-BF4B-00C04F79EFBC}") = "TaskFlow.CQRS.Api", "TaskFlow.CQRS.Api.csproj", "{5F39911D-C8AF-4F22-BF22-2E1EB69F84CB}"
EndProject
Global
	GlobalSection(SolutionConfigurationPlatforms) = preSolution
		Debug|Any CPU = Debug|Any CPU
		Release|Any CPU = Release|Any CPU
	EndGlobalSection
	GlobalSection(ProjectConfigurationPlatforms) = postSolution
		{5F39911D-C8AF-4F22-BF22-2E1EB69F84CB}.Debug|Any CPU.ActiveCfg = Debug|Any CPU
		{5F39911D-C8AF-4F22-BF22-2E1EB69F84CB}.Debug|Any CPU.Build.0 = Debug|Any CPU
		{5F39911D-C8AF-4F22-BF22-2E1EB69F84CB}.Release|Any CPU.ActiveCfg = Release|Any CPU
		{5F39911D-C8AF-4F22-BF22-2E1EB69F84CB}.Release|Any CPU.Build.0 = Release|Any CPU
	EndGlobalSection
	GlobalSection(SolutionProperties) = preSolution
		HideSolutionNode = FALSE
	EndGlobalSection
	GlobalSection(ExtensibilityGlobals) = postSolution
		SolutionGuid = {DF974034-082C-499E-826C-D9A69B12061A}
	EndGlobalSection
EndGlobal
